
Microsoft Visual Studio Solution File, Format Version 12.00
# Visual Studio Version 17
VisualStudioVersion = 17.10.35122.118
MinimumVisualStudioVersion = 10.0.40219.1
Project("{8BC9CEB8-8B4A-11D0-8D11-00A0C91BC942}") = "Timber", "Timber.vcxproj", "{987A0091-2A40-4CFD-864A-F9F0053928DC}"
EndProject
Project("{840C416C-B8F3-42BC-B0DD-F6BB14C9F8CB}") = "Setup", "..\Setup\Setup.aiproj", "{445FDEDE-E390-4693-AF59-48F78754FF81}"
EndProject
Global
	GlobalSection(SolutionConfigurationPlatforms) = preSolution
		All|x64 = All|x64
		All|x86 = All|x86
		Debug|x64 = Debug|x64
		Debug|x86 = Debug|x86
		Release|x64 = Release|x64
		Release|x86 = Release|x86
	EndGlobalSection
	GlobalSection(ProjectConfigurationPlatforms) = postSolution
		{987A0091-2A40-4CFD-864A-F9F0053928DC}.All|x64.ActiveCfg = Release|x64
		{987A0091-2A40-4CFD-864A-F9F0053928DC}.All|x64.Build.0 = Release|x64
		{987A0091-2A40-4CFD-864A-F9F0053928DC}.All|x86.ActiveCfg = Release|Win32
		{987A0091-2A40-4CFD-864A-F9F0053928DC}.All|x86.Build.0 = Release|Win32
		{987A0091-2A40-4CFD-864A-F9F0053928DC}.Debug|x64.ActiveCfg = Debug|x64
		{987A0091-2A40-4CFD-864A-F9F0053928DC}.Debug|x64.Build.0 = Debug|x64
		{987A0091-2A40-4CFD-864A-F9F0053928DC}.Debug|x86.ActiveCfg = Debug|Win32
		{987A0091-2A40-4CFD-864A-F9F0053928DC}.Debug|x86.Build.0 = Debug|Win32
		{987A0091-2A40-4CFD-864A-F9F0053928DC}.Release|x64.ActiveCfg = Release|x64
		{987A0091-2A40-4CFD-864A-F9F0053928DC}.Release|x64.Build.0 = Release|x64
		{987A0091-2A40-4CFD-864A-F9F0053928DC}.Release|x86.ActiveCfg = Release|Win32
		{987A0091-2A40-4CFD-864A-F9F0053928DC}.Release|x86.Build.0 = Release|Win32
		{445FDEDE-E390-4693-AF59-48F78754FF81}.All|x64.ActiveCfg = DefaultBuild
		{445FDEDE-E390-4693-AF59-48F78754FF81}.All|x64.Build.0 = DefaultBuild
		{445FDEDE-E390-4693-AF59-48F78754FF81}.All|x86.ActiveCfg = DefaultBuild
		{445FDEDE-E390-4693-AF59-48F78754FF81}.All|x86.Build.0 = DefaultBuild
		{445FDEDE-E390-4693-AF59-48F78754FF81}.Debug|x64.ActiveCfg = DefaultBuild
		{445FDEDE-E390-4693-AF59-48F78754FF81}.Debug|x64.Build.0 = DefaultBuild
		{445FDEDE-E390-4693-AF59-48F78754FF81}.Debug|x86.ActiveCfg = DefaultBuild
		{445FDEDE-E390-4693-AF59-48F78754FF81}.Debug|x86.Build.0 = DefaultBuild
		{445FDEDE-E390-4693-AF59-48F78754FF81}.Release|x64.ActiveCfg = DefaultBuild
		{445FDEDE-E390-4693-AF59-48F78754FF81}.Release|x64.Build.0 = DefaultBuild
		{445FDEDE-E390-4693-AF59-48F78754FF81}.Release|x86.ActiveCfg = DefaultBuild
		{445FDEDE-E390-4693-AF59-48F78754FF81}.Release|x86.Build.0 = DefaultBuild
	EndGlobalSection
	GlobalSection(SolutionProperties) = preSolution
		HideSolutionNode = FALSE
	EndGlobalSection
	GlobalSection(ExtensibilityGlobals) = postSolution
		SolutionGuid = {F0E1805F-529D-463B-B69B-8DDB324CB560}
	EndGlobalSection
EndGlobal
